
Microsoft Visual Studio Solution File, Format Version 12.00
# Visual Studio Version 17
VisualStudioVersion = 17.10.35004.147
MinimumVisualStudioVersion = 10.0.40219.1
Project("{8BC9CEB8-8B4A-11D0-8D11-00A0C91BC942}") = "taskfleet", "taskfleet.vcxproj", "{E433B4C7-431C-4C67-A19E-5EE401A7CE07}"
EndProject
Global
	GlobalSection(SolutionConfigurationPlatforms) = preSolution
		Debug|x64 = Debug|x64
		Debug|x86 = Debug|x86
		Release|x64 = Release|x64
		Release|x86 = Release|x86
	EndGlobalSection
	GlobalSection(ProjectConfigurationPlatforms) = postSolution
		{E433B4C7-431C-4C67-A19E-5EE401A7CE07}.Debug|x64.ActiveCfg = Debug|x64
		{E433B4C7-431C-4C67-A19E-5EE401A7CE07}.Debug|x64.Build.0 = Debug|x64
		{E433B4C7-431C-4C67-A19E-5EE401A7CE07}.Debug|x86.ActiveCfg = Debug|Win32
		{E433B4C7-431C-4C67-A19E-5EE401A7CE07}.Debug|x86.Build.0 = Debug|Win32
		{E433B4C7-431C-4C67-A19E-5EE401A7CE07}.Release|x64.ActiveCfg = Release|x64
		{E433B4C7-431C-4C67-A19E-5EE401A7CE07}.Release|x64.Build.0 = Release|x64
		{E433B4C7-431C-4C67-A19E-5EE401A7CE07}.Release|x86.ActiveCfg = Release|Win32
		{E433B4C7-431C-4C67-A19E-5EE401A7CE07}.Release|x86.Build.0 = Release|Win32
	EndGlobalSection
	GlobalSection(SolutionProperties) = preSolution
		HideSolutionNode = FALSE
	EndGlobalSection
	GlobalSection(ExtensibilityGlobals) = postSolution
		SolutionGuid = {9B508A60-8DF0-4EB9-B8B2-A6A589CEA485}
	EndGlobalSection
EndGlobal
